{
  "name": "tempHACK",
  "lockfileVersion": 2,
  "requires": true,
  "packages": {
    "": {
      "dependencies": {
        "start": "^5.1.0"
      }
    },
    "node_modules/start": {
      "version": "5.1.0",
      "resolved": "https://registry.npmjs.org/start/-/start-5.1.0.tgz",
      "integrity": "sha1-HBcfDvlIf1bQq5p1Ws6GAWkgh2M=",
      "deprecated": "Deprecated in favor of https://github.com/deepsweet/start",
      "engines": {
        "node": ">=4"
      }
    }
  },
  "dependencies": {
    "start": {
      "version": "5.1.0",
      "resolved": "https://registry.npmjs.org/start/-/start-5.1.0.tgz",
      "integrity": "sha1-HBcfDvlIf1bQq5p1Ws6GAWkgh2M="
    }
  }
}
